
Microsoft Visual Studio Solution File, Format Version 12.00
# Visual Studio Version 17
VisualStudioVersion = 17.0.31912.275
MinimumVisualStudioVersion = 10.0.40219.1
Project("{FAE04EC0-301F-11D3-BF4B-00C04F79EFBC}") = "DES", "DES.csproj", "{B62BB06D-9FD3-4EA6-82BF-12A6EB989280}"
EndProject
Global
	GlobalSection(SolutionConfigurationPlatforms) = preSolution
		Debug|Any CPU = Debug|Any CPU
		Release|Any CPU = Release|Any CPU
	EndGlobalSection
	GlobalSection(ProjectConfigurationPlatforms) = postSolution
		{B62BB06D-9FD3-4EA6-82BF-12A6EB989280}.Debug|Any CPU.ActiveCfg = Debug|Any CPU
		{B62BB06D-9FD3-4EA6-82BF-12A6EB989280}.Debug|Any CPU.Build.0 = Debug|Any CPU
		{B62BB06D-9FD3-4EA6-82BF-12A6EB989280}.Release|Any CPU.ActiveCfg = Release|Any CPU
		{B62BB06D-9FD3-4EA6-82BF-12A6EB989280}.Release|Any CPU.Build.0 = Release|Any CPU
	EndGlobalSection
	GlobalSection(SolutionProperties) = preSolution
		HideSolutionNode = FALSE
	EndGlobalSection
	GlobalSection(ExtensibilityGlobals) = postSolution
		SolutionGuid = {EB429399-1493-4DC8-BDCE-AD18E926B982}
	EndGlobalSection
EndGlobal
